
Microsoft Visual Studio Solution File, Format Version 12.00
# Visual Studio Version 16
VisualStudioVersion = 16.0.29503.13
MinimumVisualStudioVersion = 10.0.40219.1
Project("{FAE04EC0-301F-11D3-BF4B-00C04F79EFBC}") = "Yuuna.Interaction.WinForms.Test", "Yuuna.Interaction.WinForms.Test.csproj", "{DB5EC76F-8B69-40FC-A15A-4C855F6EA0F7}"
EndProject
Global
	GlobalSection(SolutionConfigurationPlatforms) = preSolution
		Debug|Any CPU = Debug|Any CPU
		Release|Any CPU = Release|Any CPU
	EndGlobalSection
	GlobalSection(ProjectConfigurationPlatforms) = postSolution
		{DB5EC76F-8B69-40FC-A15A-4C855F6EA0F7}.Debug|Any CPU.ActiveCfg = Debug|Any CPU
		{DB5EC76F-8B69-40FC-A15A-4C855F6EA0F7}.Debug|Any CPU.Build.0 = Debug|Any CPU
		{DB5EC76F-8B69-40FC-A15A-4C855F6EA0F7}.Release|Any CPU.ActiveCfg = Release|Any CPU
		{DB5EC76F-8B69-40FC-A15A-4C855F6EA0F7}.Release|Any CPU.Build.0 = Release|Any CPU
	EndGlobalSection
	GlobalSection(SolutionProperties) = preSolution
		HideSolutionNode = FALSE
	EndGlobalSection
	GlobalSection(ExtensibilityGlobals) = postSolution
		SolutionGuid = {FE45CD9C-618D-4BCC-9F66-7C0B7F214D62}
	EndGlobalSection
EndGlobal
